
Microsoft Visual Studio Solution File, Format Version 12.00
# Visual Studio 15
VisualStudioVersion = 15.0.26124.0
MinimumVisualStudioVersion = 15.0.26124.0
Project("{FAE04EC0-301F-11D3-BF4B-00C04F79EFBC}") = "lab01", "lab01\lab01.csproj", "{05E2761B-87F0-43A2-B6FD-03788B9A1174}"
EndProject
Project("{FAE04EC0-301F-11D3-BF4B-00C04F79EFBC}") = "lib01", "lib01\lib01.csproj", "{2E137FE7-0041-4D79-91FD-144642E42EA6}"
EndProject
Global
	GlobalSection(SolutionConfigurationPlatforms) = preSolution
		Debug|Any CPU = Debug|Any CPU
		Debug|x64 = Debug|x64
		Debug|x86 = Debug|x86
		Release|Any CPU = Release|Any CPU
		Release|x64 = Release|x64
		Release|x86 = Release|x86
	EndGlobalSection
	GlobalSection(SolutionProperties) = preSolution
		HideSolutionNode = FALSE
	EndGlobalSection
	GlobalSection(ProjectConfigurationPlatforms) = postSolution
		{05E2761B-87F0-43A2-B6FD-03788B9A1174}.Debug|Any CPU.ActiveCfg = Debug|Any CPU
		{05E2761B-87F0-43A2-B6FD-03788B9A1174}.Debug|Any CPU.Build.0 = Debug|Any CPU
		{05E2761B-87F0-43A2-B6FD-03788B9A1174}.Debug|x64.ActiveCfg = Debug|Any CPU
		{05E2761B-87F0-43A2-B6FD-03788B9A1174}.Debug|x64.Build.0 = Debug|Any CPU
		{05E2761B-87F0-43A2-B6FD-03788B9A1174}.Debug|x86.ActiveCfg = Debug|Any CPU
		{05E2761B-87F0-43A2-B6FD-03788B9A1174}.Debug|x86.Build.0 = Debug|Any CPU
		{05E2761B-87F0-43A2-B6FD-03788B9A1174}.Release|Any CPU.ActiveCfg = Release|Any CPU
		{05E2761B-87F0-43A2-B6FD-03788B9A1174}.Release|Any CPU.Build.0 = Release|Any CPU
		{05E2761B-87F0-43A2-B6FD-03788B9A1174}.Release|x64.ActiveCfg = Release|Any CPU
		{05E2761B-87F0-43A2-B6FD-03788B9A1174}.Release|x64.Build.0 = Release|Any CPU
		{05E2761B-87F0-43A2-B6FD-03788B9A1174}.Release|x86.ActiveCfg = Release|Any CPU
		{05E2761B-87F0-43A2-B6FD-03788B9A1174}.Release|x86.Build.0 = Release|Any CPU
		{2E137FE7-0041-4D79-91FD-144642E42EA6}.Debug|Any CPU.ActiveCfg = Debug|Any CPU
		{2E137FE7-0041-4D79-91FD-144642E42EA6}.Debug|Any CPU.Build.0 = Debug|Any CPU
		{2E137FE7-0041-4D79-91FD-144642E42EA6}.Debug|x64.ActiveCfg = Debug|Any CPU
		{2E137FE7-0041-4D79-91FD-144642E42EA6}.Debug|x64.Build.0 = Debug|Any CPU
		{2E137FE7-0041-4D79-91FD-144642E42EA6}.Debug|x86.ActiveCfg = Debug|Any CPU
		{2E137FE7-0041-4D79-91FD-144642E42EA6}.Debug|x86.Build.0 = Debug|Any CPU
		{2E137FE7-0041-4D79-91FD-144642E42EA6}.Release|Any CPU.ActiveCfg = Release|Any CPU
		{2E137FE7-0041-4D79-91FD-144642E42EA6}.Release|Any CPU.Build.0 = Release|Any CPU
		{2E137FE7-0041-4D79-91FD-144642E42EA6}.Release|x64.ActiveCfg = Release|Any CPU
		{2E137FE7-0041-4D79-91FD-144642E42EA6}.Release|x64.Build.0 = Release|Any CPU
		{2E137FE7-0041-4D79-91FD-144642E42EA6}.Release|x86.ActiveCfg = Release|Any CPU
		{2E137FE7-0041-4D79-91FD-144642E42EA6}.Release|x86.Build.0 = Release|Any CPU
	EndGlobalSection
EndGlobal
