
Microsoft Visual Studio Solution File, Format Version 12.00
# Visual Studio Version 16
VisualStudioVersion = 16.0.29230.61
MinimumVisualStudioVersion = 15.0.26124.0
Project("{FAE04EC0-301F-11D3-BF4B-00C04F79EFBC}") = "SystemInfo", "src\SystemInfo\SystemInfo.csproj", "{1D984B45-D0E8-4564-8EBE-B33D0F699F37}"
EndProject
Project("{FAE04EC0-301F-11D3-BF4B-00C04F79EFBC}") = "SystemInfo.Client", "src\SystemInfo.Client\SystemInfo.Client.csproj", "{11A2D23F-02C4-47DD-8795-7F6F2EC5A11A}"
EndProject
Global
	GlobalSection(SolutionConfigurationPlatforms) = preSolution
		Debug|Any CPU = Debug|Any CPU
		Debug|x64 = Debug|x64
		Debug|x86 = Debug|x86
		Release|Any CPU = Release|Any CPU
		Release|x64 = Release|x64
		Release|x86 = Release|x86
	EndGlobalSection
	GlobalSection(ProjectConfigurationPlatforms) = postSolution
		{1D984B45-D0E8-4564-8EBE-B33D0F699F37}.Debug|Any CPU.ActiveCfg = Debug|Any CPU
		{1D984B45-D0E8-4564-8EBE-B33D0F699F37}.Debug|Any CPU.Build.0 = Debug|Any CPU
		{1D984B45-D0E8-4564-8EBE-B33D0F699F37}.Debug|x64.ActiveCfg = Debug|Any CPU
		{1D984B45-D0E8-4564-8EBE-B33D0F699F37}.Debug|x64.Build.0 = Debug|Any CPU
		{1D984B45-D0E8-4564-8EBE-B33D0F699F37}.Debug|x86.ActiveCfg = Debug|Any CPU
		{1D984B45-D0E8-4564-8EBE-B33D0F699F37}.Debug|x86.Build.0 = Debug|Any CPU
		{1D984B45-D0E8-4564-8EBE-B33D0F699F37}.Release|Any CPU.ActiveCfg = Release|Any CPU
		{1D984B45-D0E8-4564-8EBE-B33D0F699F37}.Release|Any CPU.Build.0 = Release|Any CPU
		{1D984B45-D0E8-4564-8EBE-B33D0F699F37}.Release|x64.ActiveCfg = Release|Any CPU
		{1D984B45-D0E8-4564-8EBE-B33D0F699F37}.Release|x64.Build.0 = Release|Any CPU
		{1D984B45-D0E8-4564-8EBE-B33D0F699F37}.Release|x86.ActiveCfg = Release|Any CPU
		{1D984B45-D0E8-4564-8EBE-B33D0F699F37}.Release|x86.Build.0 = Release|Any CPU
		{11A2D23F-02C4-47DD-8795-7F6F2EC5A11A}.Debug|Any CPU.ActiveCfg = Debug|Any CPU
		{11A2D23F-02C4-47DD-8795-7F6F2EC5A11A}.Debug|Any CPU.Build.0 = Debug|Any CPU
		{11A2D23F-02C4-47DD-8795-7F6F2EC5A11A}.Debug|x64.ActiveCfg = Debug|Any CPU
		{11A2D23F-02C4-47DD-8795-7F6F2EC5A11A}.Debug|x64.Build.0 = Debug|Any CPU
		{11A2D23F-02C4-47DD-8795-7F6F2EC5A11A}.Debug|x86.ActiveCfg = Debug|Any CPU
		{11A2D23F-02C4-47DD-8795-7F6F2EC5A11A}.Debug|x86.Build.0 = Debug|Any CPU
		{11A2D23F-02C4-47DD-8795-7F6F2EC5A11A}.Release|Any CPU.ActiveCfg = Release|Any CPU
		{11A2D23F-02C4-47DD-8795-7F6F2EC5A11A}.Release|Any CPU.Build.0 = Release|Any CPU
		{11A2D23F-02C4-47DD-8795-7F6F2EC5A11A}.Release|x64.ActiveCfg = Release|Any CPU
		{11A2D23F-02C4-47DD-8795-7F6F2EC5A11A}.Release|x64.Build.0 = Release|Any CPU
		{11A2D23F-02C4-47DD-8795-7F6F2EC5A11A}.Release|x86.ActiveCfg = Release|Any CPU
		{11A2D23F-02C4-47DD-8795-7F6F2EC5A11A}.Release|x86.Build.0 = Release|Any CPU
	EndGlobalSection
	GlobalSection(SolutionProperties) = preSolution
		HideSolutionNode = FALSE
	EndGlobalSection
	GlobalSection(ExtensibilityGlobals) = postSolution
		SolutionGuid = {A3894733-0D19-4E87-AF47-D3EA15BA9D08}
	EndGlobalSection
EndGlobal
