
Microsoft Visual Studio Solution File, Format Version 12.00
# Visual Studio Version 16
VisualStudioVersion = 16.0.29230.61
MinimumVisualStudioVersion = 15.0.26124.0
Project("{9A19103F-16F7-4668-BE54-9A1E7A4F7556}") = "SystemInfo", "src\SystemInfo\SystemInfo.csproj", "{1D984B45-D0E8-4564-8EBE-B33D0F699F37}"
EndProject
Project("{9A19103F-16F7-4668-BE54-9A1E7A4F7556}") = "SystemInfo.Client", "src\SystemInfo.Client\SystemInfo.Client.csproj", "{11A2D23F-02C4-47DD-8795-7F6F2EC5A11A}"
EndProject
Project("{9A19103F-16F7-4668-BE54-9A1E7A4F7556}") = "Benchmark", "src\Benchmark\Benchmark.csproj", "{5C268941-6574-444A-ABBF-163F9271A4B6}"
EndProject
Project("{2150E333-8FDC-42A3-9474-1A3956D46DE8}") = "src", "src", "{C877ED0F-80CA-441F-A0F5-37EFED8DD82B}"
EndProject
Project("{9A19103F-16F7-4668-BE54-9A1E7A4F7556}") = "CoreApp", "src\CoreApp\CoreApp.csproj", "{CE14203A-E6FB-47FB-A43B-4330DABE629B}"
EndProject
Project("{2150E333-8FDC-42A3-9474-1A3956D46DE8}") = "test", "test", "{8EBD1D42-5032-4738-A1ED-7147D993B07B}"
EndProject
Project("{9A19103F-16F7-4668-BE54-9A1E7A4F7556}") = "FeatureTests", "test\FeatureTests\FeatureTests.csproj", "{03C93B42-CCE6-41EB-A3D9-07F7D38C0A24}"
EndProject
Project("{9A19103F-16F7-4668-BE54-9A1E7A4F7556}") = "Simple", "src\Simple\Simple.csproj", "{B5DAE22D-0780-40D0-8235-701361C4E10C}"
EndProject
Project("{FAE04EC0-301F-11D3-BF4B-00C04F79EFBC}") = "BlazorComponents", "BlazorComponents\BlazorComponents.csproj", "{1539C377-573E-4699-B772-731C1E4D6F6B}"
EndProject
Global
	GlobalSection(SolutionConfigurationPlatforms) = preSolution
		Debug|Any CPU = Debug|Any CPU
		Debug|x64 = Debug|x64
		Debug|x86 = Debug|x86
		Release|Any CPU = Release|Any CPU
		Release|x64 = Release|x64
		Release|x86 = Release|x86
	EndGlobalSection
	GlobalSection(ProjectConfigurationPlatforms) = postSolution
		{1D984B45-D0E8-4564-8EBE-B33D0F699F37}.Debug|Any CPU.ActiveCfg = Debug|Any CPU
		{1D984B45-D0E8-4564-8EBE-B33D0F699F37}.Debug|Any CPU.Build.0 = Debug|Any CPU
		{1D984B45-D0E8-4564-8EBE-B33D0F699F37}.Debug|x64.ActiveCfg = Debug|Any CPU
		{1D984B45-D0E8-4564-8EBE-B33D0F699F37}.Debug|x64.Build.0 = Debug|Any CPU
		{1D984B45-D0E8-4564-8EBE-B33D0F699F37}.Debug|x86.ActiveCfg = Debug|Any CPU
		{1D984B45-D0E8-4564-8EBE-B33D0F699F37}.Debug|x86.Build.0 = Debug|Any CPU
		{1D984B45-D0E8-4564-8EBE-B33D0F699F37}.Release|Any CPU.ActiveCfg = Release|Any CPU
		{1D984B45-D0E8-4564-8EBE-B33D0F699F37}.Release|Any CPU.Build.0 = Release|Any CPU
		{1D984B45-D0E8-4564-8EBE-B33D0F699F37}.Release|x64.ActiveCfg = Release|Any CPU
		{1D984B45-D0E8-4564-8EBE-B33D0F699F37}.Release|x64.Build.0 = Release|Any CPU
		{1D984B45-D0E8-4564-8EBE-B33D0F699F37}.Release|x86.ActiveCfg = Release|Any CPU
		{1D984B45-D0E8-4564-8EBE-B33D0F699F37}.Release|x86.Build.0 = Release|Any CPU
		{11A2D23F-02C4-47DD-8795-7F6F2EC5A11A}.Debug|Any CPU.ActiveCfg = Debug|Any CPU
		{11A2D23F-02C4-47DD-8795-7F6F2EC5A11A}.Debug|Any CPU.Build.0 = Debug|Any CPU
		{11A2D23F-02C4-47DD-8795-7F6F2EC5A11A}.Debug|x64.ActiveCfg = Debug|Any CPU
		{11A2D23F-02C4-47DD-8795-7F6F2EC5A11A}.Debug|x64.Build.0 = Debug|Any CPU
		{11A2D23F-02C4-47DD-8795-7F6F2EC5A11A}.Debug|x86.ActiveCfg = Debug|Any CPU
		{11A2D23F-02C4-47DD-8795-7F6F2EC5A11A}.Debug|x86.Build.0 = Debug|Any CPU
		{11A2D23F-02C4-47DD-8795-7F6F2EC5A11A}.Release|Any CPU.ActiveCfg = Release|Any CPU
		{11A2D23F-02C4-47DD-8795-7F6F2EC5A11A}.Release|Any CPU.Build.0 = Release|Any CPU
		{11A2D23F-02C4-47DD-8795-7F6F2EC5A11A}.Release|x64.ActiveCfg = Release|Any CPU
		{11A2D23F-02C4-47DD-8795-7F6F2EC5A11A}.Release|x64.Build.0 = Release|Any CPU
		{11A2D23F-02C4-47DD-8795-7F6F2EC5A11A}.Release|x86.ActiveCfg = Release|Any CPU
		{11A2D23F-02C4-47DD-8795-7F6F2EC5A11A}.Release|x86.Build.0 = Release|Any CPU
		{5C268941-6574-444A-ABBF-163F9271A4B6}.Debug|Any CPU.ActiveCfg = Debug|Any CPU
		{5C268941-6574-444A-ABBF-163F9271A4B6}.Debug|Any CPU.Build.0 = Debug|Any CPU
		{5C268941-6574-444A-ABBF-163F9271A4B6}.Debug|x64.ActiveCfg = Debug|Any CPU
		{5C268941-6574-444A-ABBF-163F9271A4B6}.Debug|x64.Build.0 = Debug|Any CPU
		{5C268941-6574-444A-ABBF-163F9271A4B6}.Debug|x86.ActiveCfg = Debug|Any CPU
		{5C268941-6574-444A-ABBF-163F9271A4B6}.Debug|x86.Build.0 = Debug|Any CPU
		{5C268941-6574-444A-ABBF-163F9271A4B6}.Release|Any CPU.ActiveCfg = Release|Any CPU
		{5C268941-6574-444A-ABBF-163F9271A4B6}.Release|Any CPU.Build.0 = Release|Any CPU
		{5C268941-6574-444A-ABBF-163F9271A4B6}.Release|x64.ActiveCfg = Release|Any CPU
		{5C268941-6574-444A-ABBF-163F9271A4B6}.Release|x64.Build.0 = Release|Any CPU
		{5C268941-6574-444A-ABBF-163F9271A4B6}.Release|x86.ActiveCfg = Release|Any CPU
		{5C268941-6574-444A-ABBF-163F9271A4B6}.Release|x86.Build.0 = Release|Any CPU
		{CE14203A-E6FB-47FB-A43B-4330DABE629B}.Debug|Any CPU.ActiveCfg = Debug|Any CPU
		{CE14203A-E6FB-47FB-A43B-4330DABE629B}.Debug|Any CPU.Build.0 = Debug|Any CPU
		{CE14203A-E6FB-47FB-A43B-4330DABE629B}.Debug|x64.ActiveCfg = Debug|Any CPU
		{CE14203A-E6FB-47FB-A43B-4330DABE629B}.Debug|x64.Build.0 = Debug|Any CPU
		{CE14203A-E6FB-47FB-A43B-4330DABE629B}.Debug|x86.ActiveCfg = Debug|Any CPU
		{CE14203A-E6FB-47FB-A43B-4330DABE629B}.Debug|x86.Build.0 = Debug|Any CPU
		{CE14203A-E6FB-47FB-A43B-4330DABE629B}.Release|Any CPU.ActiveCfg = Release|Any CPU
		{CE14203A-E6FB-47FB-A43B-4330DABE629B}.Release|Any CPU.Build.0 = Release|Any CPU
		{CE14203A-E6FB-47FB-A43B-4330DABE629B}.Release|x64.ActiveCfg = Release|Any CPU
		{CE14203A-E6FB-47FB-A43B-4330DABE629B}.Release|x64.Build.0 = Release|Any CPU
		{CE14203A-E6FB-47FB-A43B-4330DABE629B}.Release|x86.ActiveCfg = Release|Any CPU
		{CE14203A-E6FB-47FB-A43B-4330DABE629B}.Release|x86.Build.0 = Release|Any CPU
		{03C93B42-CCE6-41EB-A3D9-07F7D38C0A24}.Debug|Any CPU.ActiveCfg = Debug|Any CPU
		{03C93B42-CCE6-41EB-A3D9-07F7D38C0A24}.Debug|Any CPU.Build.0 = Debug|Any CPU
		{03C93B42-CCE6-41EB-A3D9-07F7D38C0A24}.Debug|x64.ActiveCfg = Debug|Any CPU
		{03C93B42-CCE6-41EB-A3D9-07F7D38C0A24}.Debug|x64.Build.0 = Debug|Any CPU
		{03C93B42-CCE6-41EB-A3D9-07F7D38C0A24}.Debug|x86.ActiveCfg = Debug|Any CPU
		{03C93B42-CCE6-41EB-A3D9-07F7D38C0A24}.Debug|x86.Build.0 = Debug|Any CPU
		{03C93B42-CCE6-41EB-A3D9-07F7D38C0A24}.Release|Any CPU.ActiveCfg = Release|Any CPU
		{03C93B42-CCE6-41EB-A3D9-07F7D38C0A24}.Release|Any CPU.Build.0 = Release|Any CPU
		{03C93B42-CCE6-41EB-A3D9-07F7D38C0A24}.Release|x64.ActiveCfg = Release|Any CPU
		{03C93B42-CCE6-41EB-A3D9-07F7D38C0A24}.Release|x64.Build.0 = Release|Any CPU
		{03C93B42-CCE6-41EB-A3D9-07F7D38C0A24}.Release|x86.ActiveCfg = Release|Any CPU
		{03C93B42-CCE6-41EB-A3D9-07F7D38C0A24}.Release|x86.Build.0 = Release|Any CPU
		{B5DAE22D-0780-40D0-8235-701361C4E10C}.Debug|Any CPU.ActiveCfg = Debug|Any CPU
		{B5DAE22D-0780-40D0-8235-701361C4E10C}.Debug|Any CPU.Build.0 = Debug|Any CPU
		{B5DAE22D-0780-40D0-8235-701361C4E10C}.Debug|x64.ActiveCfg = Debug|Any CPU
		{B5DAE22D-0780-40D0-8235-701361C4E10C}.Debug|x64.Build.0 = Debug|Any CPU
		{B5DAE22D-0780-40D0-8235-701361C4E10C}.Debug|x86.ActiveCfg = Debug|Any CPU
		{B5DAE22D-0780-40D0-8235-701361C4E10C}.Debug|x86.Build.0 = Debug|Any CPU
		{B5DAE22D-0780-40D0-8235-701361C4E10C}.Release|Any CPU.ActiveCfg = Release|Any CPU
		{B5DAE22D-0780-40D0-8235-701361C4E10C}.Release|Any CPU.Build.0 = Release|Any CPU
		{B5DAE22D-0780-40D0-8235-701361C4E10C}.Release|x64.ActiveCfg = Release|Any CPU
		{B5DAE22D-0780-40D0-8235-701361C4E10C}.Release|x64.Build.0 = Release|Any CPU
		{B5DAE22D-0780-40D0-8235-701361C4E10C}.Release|x86.ActiveCfg = Release|Any CPU
		{B5DAE22D-0780-40D0-8235-701361C4E10C}.Release|x86.Build.0 = Release|Any CPU
		{1539C377-573E-4699-B772-731C1E4D6F6B}.Debug|Any CPU.ActiveCfg = Debug|Any CPU
		{1539C377-573E-4699-B772-731C1E4D6F6B}.Debug|Any CPU.Build.0 = Debug|Any CPU
		{1539C377-573E-4699-B772-731C1E4D6F6B}.Debug|x64.ActiveCfg = Debug|Any CPU
		{1539C377-573E-4699-B772-731C1E4D6F6B}.Debug|x64.Build.0 = Debug|Any CPU
		{1539C377-573E-4699-B772-731C1E4D6F6B}.Debug|x86.ActiveCfg = Debug|Any CPU
		{1539C377-573E-4699-B772-731C1E4D6F6B}.Debug|x86.Build.0 = Debug|Any CPU
		{1539C377-573E-4699-B772-731C1E4D6F6B}.Release|Any CPU.ActiveCfg = Release|Any CPU
		{1539C377-573E-4699-B772-731C1E4D6F6B}.Release|Any CPU.Build.0 = Release|Any CPU
		{1539C377-573E-4699-B772-731C1E4D6F6B}.Release|x64.ActiveCfg = Release|Any CPU
		{1539C377-573E-4699-B772-731C1E4D6F6B}.Release|x64.Build.0 = Release|Any CPU
		{1539C377-573E-4699-B772-731C1E4D6F6B}.Release|x86.ActiveCfg = Release|Any CPU
		{1539C377-573E-4699-B772-731C1E4D6F6B}.Release|x86.Build.0 = Release|Any CPU
	EndGlobalSection
	GlobalSection(SolutionProperties) = preSolution
		HideSolutionNode = FALSE
	EndGlobalSection
	GlobalSection(NestedProjects) = preSolution
		{1D984B45-D0E8-4564-8EBE-B33D0F699F37} = {C877ED0F-80CA-441F-A0F5-37EFED8DD82B}
		{11A2D23F-02C4-47DD-8795-7F6F2EC5A11A} = {C877ED0F-80CA-441F-A0F5-37EFED8DD82B}
		{5C268941-6574-444A-ABBF-163F9271A4B6} = {C877ED0F-80CA-441F-A0F5-37EFED8DD82B}
		{CE14203A-E6FB-47FB-A43B-4330DABE629B} = {C877ED0F-80CA-441F-A0F5-37EFED8DD82B}
		{03C93B42-CCE6-41EB-A3D9-07F7D38C0A24} = {8EBD1D42-5032-4738-A1ED-7147D993B07B}
		{B5DAE22D-0780-40D0-8235-701361C4E10C} = {C877ED0F-80CA-441F-A0F5-37EFED8DD82B}
		{1539C377-573E-4699-B772-731C1E4D6F6B} = {C877ED0F-80CA-441F-A0F5-37EFED8DD82B}
	EndGlobalSection
	GlobalSection(ExtensibilityGlobals) = postSolution
		SolutionGuid = {A3894733-0D19-4E87-AF47-D3EA15BA9D08}
	EndGlobalSection
EndGlobal
