
Microsoft Visual Studio Solution File, Format Version 11.00
# Visual Studio 2010
Project("{FAE04EC0-301F-11D3-BF4B-00C04F79EFBC}") = "MovieReviews", "MovieReviews.csproj", "{DDD0D414-A8FB-4388-A45F-93887097B1CF}"
EndProject
Global
	GlobalSection(SolutionConfigurationPlatforms) = preSolution
		Debug|Any CPU = Debug|Any CPU
		Release|Any CPU = Release|Any CPU
	EndGlobalSection
	GlobalSection(ProjectConfigurationPlatforms) = postSolution
		{DDD0D414-A8FB-4388-A45F-93887097B1CF}.Debug|Any CPU.ActiveCfg = Debug|Any CPU
		{DDD0D414-A8FB-4388-A45F-93887097B1CF}.Debug|Any CPU.Build.0 = Debug|Any CPU
		{DDD0D414-A8FB-4388-A45F-93887097B1CF}.Release|Any CPU.ActiveCfg = Release|Any CPU
		{DDD0D414-A8FB-4388-A45F-93887097B1CF}.Release|Any CPU.Build.0 = Release|Any CPU
	EndGlobalSection
	GlobalSection(SolutionProperties) = preSolution
		HideSolutionNode = FALSE
	EndGlobalSection
EndGlobal
