
Microsoft Visual Studio Solution File, Format Version 12.00
# Visual Studio 2012
Project("{FAE04EC0-301F-11D3-BF4B-00C04F79EFBC}") = "Movies", "Movies\Movies.csproj", "{B8F92E5F-F4A8-4ACC-AD1B-6130A06EB4BA}"
EndProject
Project("{FAE04EC0-301F-11D3-BF4B-00C04F79EFBC}") = "Movies.Tests", "Movies.Tests\Movies.Tests.csproj", "{BCBA7B44-877E-4797-90E6-FE7401CD7079}"
EndProject
Project("{2150E333-8FDC-42A3-9474-1A3956D46DE8}") = ".nuget", ".nuget", "{5432ACB4-3BCF-4EF9-82D3-C643A2F21FD1}"
	ProjectSection(SolutionItems) = preProject
		.nuget\NuGet.Config = .nuget\NuGet.Config
		.nuget\NuGet.exe = .nuget\NuGet.exe
		.nuget\NuGet.targets = .nuget\NuGet.targets
	EndProjectSection
EndProject
Global
	GlobalSection(SolutionConfigurationPlatforms) = preSolution
		Debug|Any CPU = Debug|Any CPU
		Release|Any CPU = Release|Any CPU
	EndGlobalSection
	GlobalSection(ProjectConfigurationPlatforms) = postSolution
		{B8F92E5F-F4A8-4ACC-AD1B-6130A06EB4BA}.Debug|Any CPU.ActiveCfg = Debug|Any CPU
		{B8F92E5F-F4A8-4ACC-AD1B-6130A06EB4BA}.Debug|Any CPU.Build.0 = Debug|Any CPU
		{B8F92E5F-F4A8-4ACC-AD1B-6130A06EB4BA}.Release|Any CPU.ActiveCfg = Release|Any CPU
		{B8F92E5F-F4A8-4ACC-AD1B-6130A06EB4BA}.Release|Any CPU.Build.0 = Release|Any CPU
		{BCBA7B44-877E-4797-90E6-FE7401CD7079}.Debug|Any CPU.ActiveCfg = Debug|Any CPU
		{BCBA7B44-877E-4797-90E6-FE7401CD7079}.Debug|Any CPU.Build.0 = Debug|Any CPU
		{BCBA7B44-877E-4797-90E6-FE7401CD7079}.Release|Any CPU.ActiveCfg = Release|Any CPU
		{BCBA7B44-877E-4797-90E6-FE7401CD7079}.Release|Any CPU.Build.0 = Release|Any CPU
	EndGlobalSection
	GlobalSection(SolutionProperties) = preSolution
		HideSolutionNode = FALSE
	EndGlobalSection
EndGlobal
