
Microsoft Visual Studio Solution File, Format Version 11.00
# Visual Studio 2010
Project("{FAE04EC0-301F-11D3-BF4B-00C04F79EFBC}") = "Cars", "Cars\Cars.csproj", "{22DF4FFF-F38E-40EF-87EB-4754B6468EA9}"
EndProject
Project("{FAE04EC0-301F-11D3-BF4B-00C04F79EFBC}") = "Cars.Tests", "Cars.Tests\Cars.Tests.csproj", "{508B091C-6B56-4C9A-8072-27D237FD7545}"
EndProject
Global
	GlobalSection(SolutionConfigurationPlatforms) = preSolution
		Debug|Any CPU = Debug|Any CPU
		Release|Any CPU = Release|Any CPU
	EndGlobalSection
	GlobalSection(ProjectConfigurationPlatforms) = postSolution
		{22DF4FFF-F38E-40EF-87EB-4754B6468EA9}.Debug|Any CPU.ActiveCfg = Debug|Any CPU
		{22DF4FFF-F38E-40EF-87EB-4754B6468EA9}.Debug|Any CPU.Build.0 = Debug|Any CPU
		{22DF4FFF-F38E-40EF-87EB-4754B6468EA9}.Release|Any CPU.ActiveCfg = Release|Any CPU
		{22DF4FFF-F38E-40EF-87EB-4754B6468EA9}.Release|Any CPU.Build.0 = Release|Any CPU
		{508B091C-6B56-4C9A-8072-27D237FD7545}.Debug|Any CPU.ActiveCfg = Debug|Any CPU
		{508B091C-6B56-4C9A-8072-27D237FD7545}.Debug|Any CPU.Build.0 = Debug|Any CPU
		{508B091C-6B56-4C9A-8072-27D237FD7545}.Release|Any CPU.ActiveCfg = Release|Any CPU
		{508B091C-6B56-4C9A-8072-27D237FD7545}.Release|Any CPU.Build.0 = Release|Any CPU
	EndGlobalSection
	GlobalSection(SolutionProperties) = preSolution
		HideSolutionNode = FALSE
	EndGlobalSection
EndGlobal
