
Microsoft Visual Studio Solution File, Format Version 11.00
# Visual Studio 2010
Project("{FAE04EC0-301F-11D3-BF4B-00C04F79EFBC}") = "Builder", "Builder\Builder.csproj", "{98C51DED-3CA5-4A9D-AE00-6E6080ABD74A}"
EndProject
Project("{2150E333-8FDC-42A3-9474-1A3956D46DE8}") = "Solution Items", "Solution Items", "{AB08F1D5-1993-49BA-B5DF-8230DE7BB160}"
	ProjectSection(SolutionItems) = preProject
		Builder.vsmdi = Builder.vsmdi
		Local.testsettings = Local.testsettings
		TraceAndTestImpact.testsettings = TraceAndTestImpact.testsettings
	EndProjectSection
EndProject
Global
	GlobalSection(TestCaseManagementSettings) = postSolution
		CategoryFile = Builder.vsmdi
	EndGlobalSection
	GlobalSection(SolutionConfigurationPlatforms) = preSolution
		Debug|Any CPU = Debug|Any CPU
		Release|Any CPU = Release|Any CPU
	EndGlobalSection
	GlobalSection(ProjectConfigurationPlatforms) = postSolution
		{98C51DED-3CA5-4A9D-AE00-6E6080ABD74A}.Debug|Any CPU.ActiveCfg = Debug|Any CPU
		{98C51DED-3CA5-4A9D-AE00-6E6080ABD74A}.Debug|Any CPU.Build.0 = Debug|Any CPU
		{98C51DED-3CA5-4A9D-AE00-6E6080ABD74A}.Release|Any CPU.ActiveCfg = Release|Any CPU
		{98C51DED-3CA5-4A9D-AE00-6E6080ABD74A}.Release|Any CPU.Build.0 = Release|Any CPU
	EndGlobalSection
	GlobalSection(SolutionProperties) = preSolution
		HideSolutionNode = FALSE
	EndGlobalSection
EndGlobal
