
Microsoft Visual Studio Solution File, Format Version 12.00
# Visual Studio 2013
VisualStudioVersion = 12.0.21005.1
MinimumVisualStudioVersion = 10.0.40219.1
Project("{FAE04EC0-301F-11D3-BF4B-00C04F79EFBC}") = "Introduction", "Introduction\Introduction.csproj", "{1F678754-41EE-4410-8260-7BF1A7207235}"
EndProject
Project("{FAE04EC0-301F-11D3-BF4B-00C04F79EFBC}") = "Modules", "Modules\Modules.csproj", "{23ED7CF0-C1D0-43D4-8205-5FF425CE7413}"
EndProject
Project("{FAE04EC0-301F-11D3-BF4B-00C04F79EFBC}") = "Views", "Views\Views.csproj", "{C54CBCDE-3459-4E03-99C8-7776A630F968}"
EndProject
Project("{FAE04EC0-301F-11D3-BF4B-00C04F79EFBC}") = "Services", "Services\Services.csproj", "{E083071E-DF10-4A61-A056-D412C096E7ED}"
EndProject
Project("{FAE04EC0-301F-11D3-BF4B-00C04F79EFBC}") = "Testing", "Testing\Testing.csproj", "{D52077D4-0AEB-451C-9B40-2317FB497A97}"
EndProject
Project("{2150E333-8FDC-42A3-9474-1A3956D46DE8}") = ".nuget", ".nuget", "{42DA36A8-92B4-4925-8AB9-E6CF36416323}"
	ProjectSection(SolutionItems) = preProject
		.nuget\packages.config = .nuget\packages.config
	EndProjectSection
EndProject
Global
	GlobalSection(SolutionConfigurationPlatforms) = preSolution
		Debug|Any CPU = Debug|Any CPU
		Release|Any CPU = Release|Any CPU
	EndGlobalSection
	GlobalSection(ProjectConfigurationPlatforms) = postSolution
		{1F678754-41EE-4410-8260-7BF1A7207235}.Debug|Any CPU.ActiveCfg = Debug|Any CPU
		{1F678754-41EE-4410-8260-7BF1A7207235}.Debug|Any CPU.Build.0 = Debug|Any CPU
		{1F678754-41EE-4410-8260-7BF1A7207235}.Release|Any CPU.ActiveCfg = Release|Any CPU
		{1F678754-41EE-4410-8260-7BF1A7207235}.Release|Any CPU.Build.0 = Release|Any CPU
		{23ED7CF0-C1D0-43D4-8205-5FF425CE7413}.Debug|Any CPU.ActiveCfg = Debug|Any CPU
		{23ED7CF0-C1D0-43D4-8205-5FF425CE7413}.Debug|Any CPU.Build.0 = Debug|Any CPU
		{23ED7CF0-C1D0-43D4-8205-5FF425CE7413}.Release|Any CPU.ActiveCfg = Release|Any CPU
		{23ED7CF0-C1D0-43D4-8205-5FF425CE7413}.Release|Any CPU.Build.0 = Release|Any CPU
		{C54CBCDE-3459-4E03-99C8-7776A630F968}.Debug|Any CPU.ActiveCfg = Debug|Any CPU
		{C54CBCDE-3459-4E03-99C8-7776A630F968}.Debug|Any CPU.Build.0 = Debug|Any CPU
		{C54CBCDE-3459-4E03-99C8-7776A630F968}.Release|Any CPU.ActiveCfg = Release|Any CPU
		{C54CBCDE-3459-4E03-99C8-7776A630F968}.Release|Any CPU.Build.0 = Release|Any CPU
		{E083071E-DF10-4A61-A056-D412C096E7ED}.Debug|Any CPU.ActiveCfg = Debug|Any CPU
		{E083071E-DF10-4A61-A056-D412C096E7ED}.Debug|Any CPU.Build.0 = Debug|Any CPU
		{E083071E-DF10-4A61-A056-D412C096E7ED}.Release|Any CPU.ActiveCfg = Release|Any CPU
		{E083071E-DF10-4A61-A056-D412C096E7ED}.Release|Any CPU.Build.0 = Release|Any CPU
		{D52077D4-0AEB-451C-9B40-2317FB497A97}.Debug|Any CPU.ActiveCfg = Debug|Any CPU
		{D52077D4-0AEB-451C-9B40-2317FB497A97}.Debug|Any CPU.Build.0 = Debug|Any CPU
		{D52077D4-0AEB-451C-9B40-2317FB497A97}.Release|Any CPU.ActiveCfg = Release|Any CPU
		{D52077D4-0AEB-451C-9B40-2317FB497A97}.Release|Any CPU.Build.0 = Release|Any CPU
	EndGlobalSection
	GlobalSection(SolutionProperties) = preSolution
		HideSolutionNode = FALSE
	EndGlobalSection
EndGlobal
