
Microsoft Visual Studio Solution File, Format Version 12.00
# Visual Studio 2013
VisualStudioVersion = 12.0.21005.1
MinimumVisualStudioVersion = 10.0.40219.1
Project("{FAE04EC0-301F-11D3-BF4B-00C04F79EFBC}") = "Introduction", "Introduction\Introduction.csproj", "{1F678754-41EE-4410-8260-7BF1A7207235}"
EndProject
Project("{FAE04EC0-301F-11D3-BF4B-00C04F79EFBC}") = "Modules", "Modules\Modules.csproj", "{23ED7CF0-C1D0-43D4-8205-5FF425CE7413}"
EndProject
Project("{FAE04EC0-301F-11D3-BF4B-00C04F79EFBC}") = "Views", "Views\Views.csproj", "{C54CBCDE-3459-4E03-99C8-7776A630F968}"
EndProject
Global
	GlobalSection(SolutionConfigurationPlatforms) = preSolution
		Debug|Any CPU = Debug|Any CPU
		Release|Any CPU = Release|Any CPU
	EndGlobalSection
	GlobalSection(ProjectConfigurationPlatforms) = postSolution
		{1F678754-41EE-4410-8260-7BF1A7207235}.Debug|Any CPU.ActiveCfg = Debug|Any CPU
		{1F678754-41EE-4410-8260-7BF1A7207235}.Debug|Any CPU.Build.0 = Debug|Any CPU
		{1F678754-41EE-4410-8260-7BF1A7207235}.Release|Any CPU.ActiveCfg = Release|Any CPU
		{1F678754-41EE-4410-8260-7BF1A7207235}.Release|Any CPU.Build.0 = Release|Any CPU
		{23ED7CF0-C1D0-43D4-8205-5FF425CE7413}.Debug|Any CPU.ActiveCfg = Debug|Any CPU
		{23ED7CF0-C1D0-43D4-8205-5FF425CE7413}.Debug|Any CPU.Build.0 = Debug|Any CPU
		{23ED7CF0-C1D0-43D4-8205-5FF425CE7413}.Release|Any CPU.ActiveCfg = Release|Any CPU
		{23ED7CF0-C1D0-43D4-8205-5FF425CE7413}.Release|Any CPU.Build.0 = Release|Any CPU
		{C54CBCDE-3459-4E03-99C8-7776A630F968}.Debug|Any CPU.ActiveCfg = Debug|Any CPU
		{C54CBCDE-3459-4E03-99C8-7776A630F968}.Debug|Any CPU.Build.0 = Debug|Any CPU
		{C54CBCDE-3459-4E03-99C8-7776A630F968}.Release|Any CPU.ActiveCfg = Release|Any CPU
		{C54CBCDE-3459-4E03-99C8-7776A630F968}.Release|Any CPU.Build.0 = Release|Any CPU
	EndGlobalSection
	GlobalSection(SolutionProperties) = preSolution
		HideSolutionNode = FALSE
	EndGlobalSection
EndGlobal
