
Microsoft Visual Studio Solution File, Format Version 11.00
# Visual Studio 2010
Project("{FAE04EC0-301F-11D3-BF4B-00C04F79EFBC}") = "Cars", "Cars.csproj", "{9EE4A8B3-7695-4637-BCB1-131E5ADB6772}"
EndProject
Global
	GlobalSection(SolutionConfigurationPlatforms) = preSolution
		Debug|Any CPU = Debug|Any CPU
		Release|Any CPU = Release|Any CPU
	EndGlobalSection
	GlobalSection(ProjectConfigurationPlatforms) = postSolution
		{9EE4A8B3-7695-4637-BCB1-131E5ADB6772}.Debug|Any CPU.ActiveCfg = Debug|Any CPU
		{9EE4A8B3-7695-4637-BCB1-131E5ADB6772}.Debug|Any CPU.Build.0 = Debug|Any CPU
		{9EE4A8B3-7695-4637-BCB1-131E5ADB6772}.Release|Any CPU.ActiveCfg = Release|Any CPU
		{9EE4A8B3-7695-4637-BCB1-131E5ADB6772}.Release|Any CPU.Build.0 = Release|Any CPU
	EndGlobalSection
	GlobalSection(SolutionProperties) = preSolution
		HideSolutionNode = FALSE
	EndGlobalSection
EndGlobal
