
Microsoft Visual Studio Solution File, Format Version 11.00
# Visual Studio 2010
Project("{FAE04EC0-301F-11D3-BF4B-00C04F79EFBC}") = "Movies", "Movies\Movies.csproj", "{7B8DB4DD-2164-4EAF-AF6E-F388D943DA7D}"
EndProject
Project("{2150E333-8FDC-42A3-9474-1A3956D46DE8}") = ".nuget", ".nuget", "{A66D6CAF-F697-4440-85E8-DF29F5109462}"
	ProjectSection(SolutionItems) = preProject
		.nuget\NuGet.exe = .nuget\NuGet.exe
		.nuget\NuGet.targets = .nuget\NuGet.targets
	EndProjectSection
EndProject
Global
	GlobalSection(SolutionConfigurationPlatforms) = preSolution
		Debug|Any CPU = Debug|Any CPU
		Release|Any CPU = Release|Any CPU
	EndGlobalSection
	GlobalSection(ProjectConfigurationPlatforms) = postSolution
		{7B8DB4DD-2164-4EAF-AF6E-F388D943DA7D}.Debug|Any CPU.ActiveCfg = Debug|Any CPU
		{7B8DB4DD-2164-4EAF-AF6E-F388D943DA7D}.Debug|Any CPU.Build.0 = Debug|Any CPU
		{7B8DB4DD-2164-4EAF-AF6E-F388D943DA7D}.Release|Any CPU.ActiveCfg = Release|Any CPU
		{7B8DB4DD-2164-4EAF-AF6E-F388D943DA7D}.Release|Any CPU.Build.0 = Release|Any CPU
	EndGlobalSection
	GlobalSection(SolutionProperties) = preSolution
		HideSolutionNode = FALSE
	EndGlobalSection
EndGlobal
