
Microsoft Visual Studio Solution File, Format Version 11.00
# Visual Studio 2010
Project("{FAE04EC0-301F-11D3-BF4B-00C04F79EFBC}") = "Employees", "Employees\Employees.csproj", "{94D66D3A-0899-40A3-BE5E-FFE362BF9721}"
EndProject
Project("{FAE04EC0-301F-11D3-BF4B-00C04F79EFBC}") = "Employees.Tests", "Employees.Tests\Employees.Tests.csproj", "{A456DA2C-28DA-4F94-808A-1508A25D2982}"
EndProject
Project("{2150E333-8FDC-42A3-9474-1A3956D46DE8}") = "Solution Items", "Solution Items", "{82F60111-1C61-4E25-8C98-9858B7267523}"
	ProjectSection(SolutionItems) = preProject
		Employees.vsmdi = Employees.vsmdi
		Local.testsettings = Local.testsettings
		TraceAndTestImpact.testsettings = TraceAndTestImpact.testsettings
	EndProjectSection
EndProject
Global
	GlobalSection(TestCaseManagementSettings) = postSolution
		CategoryFile = Employees.vsmdi
	EndGlobalSection
	GlobalSection(SolutionConfigurationPlatforms) = preSolution
		Debug|Any CPU = Debug|Any CPU
		Debug|Mixed Platforms = Debug|Mixed Platforms
		Debug|x86 = Debug|x86
		Release|Any CPU = Release|Any CPU
		Release|Mixed Platforms = Release|Mixed Platforms
		Release|x86 = Release|x86
	EndGlobalSection
	GlobalSection(ProjectConfigurationPlatforms) = postSolution
		{94D66D3A-0899-40A3-BE5E-FFE362BF9721}.Debug|Any CPU.ActiveCfg = Debug|x86
		{94D66D3A-0899-40A3-BE5E-FFE362BF9721}.Debug|Mixed Platforms.ActiveCfg = Debug|x86
		{94D66D3A-0899-40A3-BE5E-FFE362BF9721}.Debug|Mixed Platforms.Build.0 = Debug|x86
		{94D66D3A-0899-40A3-BE5E-FFE362BF9721}.Debug|x86.ActiveCfg = Debug|x86
		{94D66D3A-0899-40A3-BE5E-FFE362BF9721}.Debug|x86.Build.0 = Debug|x86
		{94D66D3A-0899-40A3-BE5E-FFE362BF9721}.Release|Any CPU.ActiveCfg = Release|x86
		{94D66D3A-0899-40A3-BE5E-FFE362BF9721}.Release|Mixed Platforms.ActiveCfg = Release|x86
		{94D66D3A-0899-40A3-BE5E-FFE362BF9721}.Release|Mixed Platforms.Build.0 = Release|x86
		{94D66D3A-0899-40A3-BE5E-FFE362BF9721}.Release|x86.ActiveCfg = Release|x86
		{94D66D3A-0899-40A3-BE5E-FFE362BF9721}.Release|x86.Build.0 = Release|x86
		{A456DA2C-28DA-4F94-808A-1508A25D2982}.Debug|Any CPU.ActiveCfg = Debug|Any CPU
		{A456DA2C-28DA-4F94-808A-1508A25D2982}.Debug|Any CPU.Build.0 = Debug|Any CPU
		{A456DA2C-28DA-4F94-808A-1508A25D2982}.Debug|Mixed Platforms.ActiveCfg = Debug|Any CPU
		{A456DA2C-28DA-4F94-808A-1508A25D2982}.Debug|Mixed Platforms.Build.0 = Debug|Any CPU
		{A456DA2C-28DA-4F94-808A-1508A25D2982}.Debug|x86.ActiveCfg = Debug|Any CPU
		{A456DA2C-28DA-4F94-808A-1508A25D2982}.Release|Any CPU.ActiveCfg = Release|Any CPU
		{A456DA2C-28DA-4F94-808A-1508A25D2982}.Release|Any CPU.Build.0 = Release|Any CPU
		{A456DA2C-28DA-4F94-808A-1508A25D2982}.Release|Mixed Platforms.ActiveCfg = Release|Any CPU
		{A456DA2C-28DA-4F94-808A-1508A25D2982}.Release|Mixed Platforms.Build.0 = Release|Any CPU
		{A456DA2C-28DA-4F94-808A-1508A25D2982}.Release|x86.ActiveCfg = Release|Any CPU
	EndGlobalSection
	GlobalSection(SolutionProperties) = preSolution
		HideSolutionNode = FALSE
	EndGlobalSection
EndGlobal
