
Microsoft Visual Studio Solution File, Format Version 12.00
# Visual Studio Version 16
VisualStudioVersion = 16.0.29319.158
MinimumVisualStudioVersion = 15.0.26124.0
Project("{9A19103F-16F7-4668-BE54-9A1E7A4F7556}") = "Movies", "Movies\Movies.csproj", "{0C8F8AB1-6342-4398-8503-E9FAFAAD844C}"
EndProject
Project("{FAE04EC0-301F-11D3-BF4B-00C04F79EFBC}") = "DirectorClient", "DirectorClient\DirectorClient.csproj", "{E043C038-1446-4F3D-A28B-C1DC20492997}"
EndProject
Project("{FAE04EC0-301F-11D3-BF4B-00C04F79EFBC}") = "BlazorComponent", "BlazorComponent\BlazorComponent.csproj", "{EE720BCF-9662-4CD6-BAC7-14CFA8C59660}"
EndProject
Global
	GlobalSection(SolutionConfigurationPlatforms) = preSolution
		Debug|Any CPU = Debug|Any CPU
		Debug|x64 = Debug|x64
		Debug|x86 = Debug|x86
		Release|Any CPU = Release|Any CPU
		Release|x64 = Release|x64
		Release|x86 = Release|x86
	EndGlobalSection
	GlobalSection(ProjectConfigurationPlatforms) = postSolution
		{0C8F8AB1-6342-4398-8503-E9FAFAAD844C}.Debug|Any CPU.ActiveCfg = Debug|Any CPU
		{0C8F8AB1-6342-4398-8503-E9FAFAAD844C}.Debug|Any CPU.Build.0 = Debug|Any CPU
		{0C8F8AB1-6342-4398-8503-E9FAFAAD844C}.Debug|x64.ActiveCfg = Debug|Any CPU
		{0C8F8AB1-6342-4398-8503-E9FAFAAD844C}.Debug|x64.Build.0 = Debug|Any CPU
		{0C8F8AB1-6342-4398-8503-E9FAFAAD844C}.Debug|x86.ActiveCfg = Debug|Any CPU
		{0C8F8AB1-6342-4398-8503-E9FAFAAD844C}.Debug|x86.Build.0 = Debug|Any CPU
		{0C8F8AB1-6342-4398-8503-E9FAFAAD844C}.Release|Any CPU.ActiveCfg = Release|Any CPU
		{0C8F8AB1-6342-4398-8503-E9FAFAAD844C}.Release|Any CPU.Build.0 = Release|Any CPU
		{0C8F8AB1-6342-4398-8503-E9FAFAAD844C}.Release|x64.ActiveCfg = Release|Any CPU
		{0C8F8AB1-6342-4398-8503-E9FAFAAD844C}.Release|x64.Build.0 = Release|Any CPU
		{0C8F8AB1-6342-4398-8503-E9FAFAAD844C}.Release|x86.ActiveCfg = Release|Any CPU
		{0C8F8AB1-6342-4398-8503-E9FAFAAD844C}.Release|x86.Build.0 = Release|Any CPU
		{E043C038-1446-4F3D-A28B-C1DC20492997}.Debug|Any CPU.ActiveCfg = Debug|Any CPU
		{E043C038-1446-4F3D-A28B-C1DC20492997}.Debug|Any CPU.Build.0 = Debug|Any CPU
		{E043C038-1446-4F3D-A28B-C1DC20492997}.Debug|x64.ActiveCfg = Debug|Any CPU
		{E043C038-1446-4F3D-A28B-C1DC20492997}.Debug|x64.Build.0 = Debug|Any CPU
		{E043C038-1446-4F3D-A28B-C1DC20492997}.Debug|x86.ActiveCfg = Debug|Any CPU
		{E043C038-1446-4F3D-A28B-C1DC20492997}.Debug|x86.Build.0 = Debug|Any CPU
		{E043C038-1446-4F3D-A28B-C1DC20492997}.Release|Any CPU.ActiveCfg = Release|Any CPU
		{E043C038-1446-4F3D-A28B-C1DC20492997}.Release|Any CPU.Build.0 = Release|Any CPU
		{E043C038-1446-4F3D-A28B-C1DC20492997}.Release|x64.ActiveCfg = Release|Any CPU
		{E043C038-1446-4F3D-A28B-C1DC20492997}.Release|x64.Build.0 = Release|Any CPU
		{E043C038-1446-4F3D-A28B-C1DC20492997}.Release|x86.ActiveCfg = Release|Any CPU
		{E043C038-1446-4F3D-A28B-C1DC20492997}.Release|x86.Build.0 = Release|Any CPU
		{EE720BCF-9662-4CD6-BAC7-14CFA8C59660}.Debug|Any CPU.ActiveCfg = Debug|Any CPU
		{EE720BCF-9662-4CD6-BAC7-14CFA8C59660}.Debug|Any CPU.Build.0 = Debug|Any CPU
		{EE720BCF-9662-4CD6-BAC7-14CFA8C59660}.Debug|x64.ActiveCfg = Debug|Any CPU
		{EE720BCF-9662-4CD6-BAC7-14CFA8C59660}.Debug|x64.Build.0 = Debug|Any CPU
		{EE720BCF-9662-4CD6-BAC7-14CFA8C59660}.Debug|x86.ActiveCfg = Debug|Any CPU
		{EE720BCF-9662-4CD6-BAC7-14CFA8C59660}.Debug|x86.Build.0 = Debug|Any CPU
		{EE720BCF-9662-4CD6-BAC7-14CFA8C59660}.Release|Any CPU.ActiveCfg = Release|Any CPU
		{EE720BCF-9662-4CD6-BAC7-14CFA8C59660}.Release|Any CPU.Build.0 = Release|Any CPU
		{EE720BCF-9662-4CD6-BAC7-14CFA8C59660}.Release|x64.ActiveCfg = Release|Any CPU
		{EE720BCF-9662-4CD6-BAC7-14CFA8C59660}.Release|x64.Build.0 = Release|Any CPU
		{EE720BCF-9662-4CD6-BAC7-14CFA8C59660}.Release|x86.ActiveCfg = Release|Any CPU
		{EE720BCF-9662-4CD6-BAC7-14CFA8C59660}.Release|x86.Build.0 = Release|Any CPU
	EndGlobalSection
	GlobalSection(SolutionProperties) = preSolution
		HideSolutionNode = FALSE
	EndGlobalSection
	GlobalSection(ExtensibilityGlobals) = postSolution
		SolutionGuid = {AFB96B8D-07A5-486F-B851-4E8B79B416A9}
	EndGlobalSection
EndGlobal
